<?xml version="1.0" encoding="utf-8"?>
<Project ToolsVersion="4.0" xmlns="http://schemas.microsoft.com/developer/msbuild/2003">
  <ItemGroup>
    <Filter Include="Source Files">
      <UniqueIdentifier>{4FC737F1-C7A5-4376-A066-2A32D752A2FF}</UniqueIdentifier>
      <Extensions>cpp;c;cc;cxx;c++;cppm;ixx;def;odl;idl;hpj;bat;asm;asmx</Extensions>
    </Filter>
    <Filter Include="Header Files">
      <UniqueIdentifier>{93995380-89BD-4b04-88EB-625FBE52EBFB}</UniqueIdentifier>
      <Extensions>h;hh;hpp;hxx;h++;hm;inl;inc;ipp;xsd</Extensions>
    </Filter>
    <Filter Include="Resource Files">
      <UniqueIdentifier>{67DA6AB6-F800-4c08-8B7A-83BB121AAD01}</UniqueIdentifier>
      <Extensions>rc;ico;cur;bmp;dlg;rc2;rct;bin;rgs;gif;jpg;jpeg;jpe;resx;tiff;tif;png;wav;mfcribbon-ms</Extensions>
    </Filter>
    <Filter Include="Header Files\Producto">
      <UniqueIdentifier>{65600e6d-d8df-46c0-b6fa-1bf160d7eedb}</UniqueIdentifier>
    </Filter>
    <Filter Include="Source Files\Producto-cpp">
      <UniqueIdentifier>{60a80286-ec15-4474-96d4-fe3b753f2b85}</UniqueIdentifier>
    </Filter>
    <Filter Include="Header Files\Contenedor">
      <UniqueIdentifier>{50af13cf-6e84-4bc6-a0d3-f5ef0c814862}</UniqueIdentifier>
    </Filter>
    <Filter Include="Header Files\Decorador">
      <UniqueIdentifier>{cdd6fc1a-5ee8-49d7-a56b-640f6701b8ac}</UniqueIdentifier>
    </Filter>
  </ItemGroup>
  <ItemGroup>
    <ClInclude Include="Conserva.h">
      <Filter>Header Files\Producto</Filter>
    </ClInclude>
    <ClInclude Include="Producto.h">
      <Filter>Header Files\Producto</Filter>
    </ClInclude>
    <ClInclude Include="Prod-Perecedero.h">
      <Filter>Header Files\Producto</Filter>
    </ClInclude>
    <ClInclude Include="Abarrote.h">
      <Filter>Header Files\Producto</Filter>
    </ClInclude>
    <ClInclude Include="Carne.h">
      <Filter>Header Files\Producto</Filter>
    </ClInclude>
    <ClInclude Include="Fecha.h">
      <Filter>Header Files\Producto</Filter>
    </ClInclude>
    <ClInclude Include="Perecedero.h">
      <Filter>Header Files\Producto</Filter>
    </ClInclude>
    <ClInclude Include="Empaque.h">
      <Filter>Header Files\Producto</Filter>
    </ClInclude>
    <ClInclude Include="Embutido.h">
      <Filter>Header Files\Producto</Filter>
    </ClInclude>
    <ClInclude Include="Categoria.h">
      <Filter>Header Files\Producto</Filter>
    </ClInclude>
    <ClInclude Include="Persona.h">
      <Filter>Header Files\Producto</Filter>
    </ClInclude>
    <ClInclude Include="Venta.h">
      <Filter>Header Files</Filter>
    </ClInclude>
    <ClInclude Include="Nodo.h">
      <Filter>Header Files\Contenedor</Filter>
    </ClInclude>
    <ClInclude Include="ContenedorGenerico.h">
      <Filter>Header Files\Contenedor</Filter>
    </ClInclude>
    <ClInclude Include="BaseCarrito.h">
      <Filter>Header Files\Decorador</Filter>
    </ClInclude>
    <ClInclude Include="Carrito.h">
      <Filter>Header Files\Decorador</Filter>
    </ClInclude>
    <ClInclude Include="DecoradorAbarrote.h">
      <Filter>Header Files\Decorador</Filter>
    </ClInclude>
    <ClInclude Include="DecoradorConserva.h">
      <Filter>Header Files\Decorador</Filter>
    </ClInclude>
    <ClInclude Include="DecoradorEmbutido.h">
      <Filter>Header Files\Decorador</Filter>
    </ClInclude>
    <ClInclude Include="ProductoDecorador.h">
      <Filter>Header Files\Decorador</Filter>
    </ClInclude>
  </ItemGroup>
  <ItemGroup>
    <ClCompile Include="Conserva.cpp">
      <Filter>Source Files\Producto-cpp</Filter>
    </ClCompile>
    <ClCompile Include="Prod-Perecedero.cpp">
      <Filter>Source Files\Producto-cpp</Filter>
    </ClCompile>
    <ClCompile Include="Abarrote.cpp">
      <Filter>Source Files\Producto-cpp</Filter>
    </ClCompile>
    <ClCompile Include="Fecha.cpp">
      <Filter>Source Files\Producto-cpp</Filter>
    </ClCompile>
    <ClCompile Include="Perecedero.cpp">
      <Filter>Source Files\Producto-cpp</Filter>
    </ClCompile>
    <ClCompile Include="Empaque.cpp">
      <Filter>Source Files\Producto-cpp</Filter>
    </ClCompile>
    <ClCompile Include="Embutido.cpp">
      <Filter>Source Files\Producto-cpp</Filter>
    </ClCompile>
    <ClCompile Include="Categoria.cpp">
      <Filter>Source Files\Producto-cpp</Filter>
    </ClCompile>
    <ClCompile Include="main.cpp">
      <Filter>Source Files</Filter>
    </ClCompile>
    <ClCompile Include="Carrito.cpp">
      <Filter>Source Files</Filter>
    </ClCompile>
    <ClCompile Include="ProductoDecorador.cpp">
      <Filter>Source Files</Filter>
    </ClCompile>
    <ClCompile Include="DecoradorConserva.cpp">
      <Filter>Source Files</Filter>
    </ClCompile>
    <ClCompile Include="DecoradorAbarrote.cpp">
      <Filter>Source Files</Filter>
    </ClCompile>
    <ClCompile Include="DecoradorEmbutido.cpp">
      <Filter>Source Files</Filter>
    </ClCompile>
    <ClCompile Include="Persona.cpp">
      <Filter>Source Files</Filter>
    </ClCompile>
    <ClCompile Include="BaseCarrito.cpp">
      <Filter>Source Files</Filter>
    </ClCompile>
    <ClCompile Include="Producto.cpp">
      <Filter>Source Files</Filter>
    </ClCompile>
    <ClCompile Include="Venta.cpp">
      <Filter>Source Files</Filter>
    </ClCompile>
  </ItemGroup>
</Project>