<?xml version="1.0" encoding="utf-8"?>
<Project ToolsVersion="4.0" xmlns="http://schemas.microsoft.com/developer/msbuild/2003">
  <ItemGroup>
    <Filter Include="Source Files">
      <UniqueIdentifier>{4FC737F1-C7A5-4376-A066-2A32D752A2FF}</UniqueIdentifier>
      <Extensions>cpp;c;cc;cxx;c++;cppm;ixx;def;odl;idl;hpj;bat;asm;asmx</Extensions>
    </Filter>
    <Filter Include="Header Files">
      <UniqueIdentifier>{93995380-89BD-4b04-88EB-625FBE52EBFB}</UniqueIdentifier>
      <Extensions>h;hh;hpp;hxx;h++;hm;inl;inc;ipp;xsd</Extensions>
    </Filter>
    <Filter Include="Resource Files">
      <UniqueIdentifier>{67DA6AB6-F800-4c08-8B7A-83BB121AAD01}</UniqueIdentifier>
      <Extensions>rc;ico;cur;bmp;dlg;rc2;rct;bin;rgs;gif;jpg;jpeg;jpe;resx;tiff;tif;png;wav;mfcribbon-ms</Extensions>
    </Filter>
    <Filter Include="Header Files\Producto">
      <UniqueIdentifier>{65600e6d-d8df-46c0-b6fa-1bf160d7eedb}</UniqueIdentifier>
    </Filter>
    <Filter Include="Source Files\Producto-cpp">
      <UniqueIdentifier>{60a80286-ec15-4474-96d4-fe3b753f2b85}</UniqueIdentifier>
    </Filter>
    <Filter Include="Header Files\Contenedor">
      <UniqueIdentifier>{50af13cf-6e84-4bc6-a0d3-f5ef0c814862}</UniqueIdentifier>
    </Filter>
    <Filter Include="Header Files\Decorador">
      <UniqueIdentifier>{cdd6fc1a-5ee8-49d7-a56b-640f6701b8ac}</UniqueIdentifier>
    </Filter>
    <Filter Include="Header Files\Controlador">
      <UniqueIdentifier>{cefa1a12-68cd-43ba-8dc9-627f6174288f}</UniqueIdentifier>
    </Filter>
    <Filter Include="Header Files\Ventas">
      <UniqueIdentifier>{1fd6dffd-5173-49d9-8b22-7d6f129939df}</UniqueIdentifier>
    </Filter>
    <Filter Include="Source Files\Decorador">
      <UniqueIdentifier>{ecab7ad8-3002-40de-9c59-a549cd141ff5}</UniqueIdentifier>
    </Filter>
    <Filter Include="Header Files\Persona">
      <UniqueIdentifier>{04c70751-795f-4225-8f74-dbd27e52cd89}</UniqueIdentifier>
    </Filter>
    <Filter Include="Source Files\Persona">
      <UniqueIdentifier>{d31c2857-8904-4e8c-9be5-5188ad1467c7}</UniqueIdentifier>
    </Filter>
    <Filter Include="Source Files\Controlador">
      <UniqueIdentifier>{c983e7ea-dcc7-4bdf-8011-c29c33bd1c63}</UniqueIdentifier>
    </Filter>
    <Filter Include="Source Files\Ventas">
      <UniqueIdentifier>{0010563d-e665-481c-aabd-ae154cfb52bc}</UniqueIdentifier>
    </Filter>
    <Filter Include="Header Files\Excepciones">
      <UniqueIdentifier>{caf13c8c-2801-44d4-b49d-56eb3f6c829e}</UniqueIdentifier>
    </Filter>
    <Filter Include="Source Files\Excepciones">
      <UniqueIdentifier>{eada941d-8e84-4f0d-8050-6440454e504f}</UniqueIdentifier>
    </Filter>
  </ItemGroup>
  <ItemGroup>
    <ClInclude Include="Conserva.h">
      <Filter>Header Files\Producto</Filter>
    </ClInclude>
    <ClInclude Include="Prod-Perecedero.h">
      <Filter>Header Files\Producto</Filter>
    </ClInclude>
    <ClInclude Include="Abarrote.h">
      <Filter>Header Files\Producto</Filter>
    </ClInclude>
    <ClInclude Include="Carne.h">
      <Filter>Header Files\Producto</Filter>
    </ClInclude>
    <ClInclude Include="Fecha.h">
      <Filter>Header Files\Producto</Filter>
    </ClInclude>
    <ClInclude Include="Perecedero.h">
      <Filter>Header Files\Producto</Filter>
    </ClInclude>
    <ClInclude Include="Empaque.h">
      <Filter>Header Files\Producto</Filter>
    </ClInclude>
    <ClInclude Include="Embutido.h">
      <Filter>Header Files\Producto</Filter>
    </ClInclude>
    <ClInclude Include="Categoria.h">
      <Filter>Header Files\Producto</Filter>
    </ClInclude>
    <ClInclude Include="Nodo.h">
      <Filter>Header Files\Contenedor</Filter>
    </ClInclude>
    <ClInclude Include="ContenedorGenerico.h">
      <Filter>Header Files\Contenedor</Filter>
    </ClInclude>
    <ClInclude Include="ComponenteAbstracto.h">
      <Filter>Header Files\Decorador</Filter>
    </ClInclude>
    <ClInclude Include="Carrito.h">
      <Filter>Header Files\Decorador</Filter>
    </ClInclude>
    <ClInclude Include="DecoradorAbarrote.h">
      <Filter>Header Files\Decorador</Filter>
    </ClInclude>
    <ClInclude Include="DecoradorConserva.h">
      <Filter>Header Files\Decorador</Filter>
    </ClInclude>
    <ClInclude Include="DecoradorEmbutido.h">
      <Filter>Header Files\Decorador</Filter>
    </ClInclude>
    <ClInclude Include="ProductoDecorador.h">
      <Filter>Header Files\Decorador</Filter>
    </ClInclude>
    <ClInclude Include="Venta.h">
      <Filter>Header Files\Ventas</Filter>
    </ClInclude>
    <ClInclude Include="Persona.h">
      <Filter>Header Files\Persona</Filter>
    </ClInclude>
    <ClInclude Include="Minisuper.h">
      <Filter>Header Files\Controlador</Filter>
    </ClInclude>
    <ClInclude Include="Producto.h">
      <Filter>Header Files\Producto</Filter>
    </ClInclude>
    <ClInclude Include="Controlador.h">
      <Filter>Header Files\Controlador</Filter>
    </ClInclude>
    <ClInclude Include="Interfaz.h">
      <Filter>Header Files\Controlador</Filter>
    </ClInclude>
    <ClInclude Include="ExcepcionRango.h">
      <Filter>Header Files\Excepciones</Filter>
    </ClInclude>
    <ClInclude Include="ERS.h">
      <Filter>Header Files\Excepciones</Filter>
    </ClInclude>
    <ClInclude Include="ERI.h">
      <Filter>Header Files\Excepciones</Filter>
    </ClInclude>
    <ClInclude Include="ExcCedula.h">
      <Filter>Header Files\Excepciones</Filter>
    </ClInclude>
  </ItemGroup>
  <ItemGroup>
    <ClCompile Include="Conserva.cpp">
      <Filter>Source Files\Producto-cpp</Filter>
    </ClCompile>
    <ClCompile Include="Abarrote.cpp">
      <Filter>Source Files\Producto-cpp</Filter>
    </ClCompile>
    <ClCompile Include="Fecha.cpp">
      <Filter>Source Files\Producto-cpp</Filter>
    </ClCompile>
    <ClCompile Include="Perecedero.cpp">
      <Filter>Source Files\Producto-cpp</Filter>
    </ClCompile>
    <ClCompile Include="Empaque.cpp">
      <Filter>Source Files\Producto-cpp</Filter>
    </ClCompile>
    <ClCompile Include="Embutido.cpp">
      <Filter>Source Files\Producto-cpp</Filter>
    </ClCompile>
    <ClCompile Include="Categoria.cpp">
      <Filter>Source Files\Producto-cpp</Filter>
    </ClCompile>
    <ClCompile Include="Producto.cpp">
      <Filter>Source Files\Producto-cpp</Filter>
    </ClCompile>
    <ClCompile Include="Carrito.cpp">
      <Filter>Source Files\Decorador</Filter>
    </ClCompile>
    <ClCompile Include="DecoradorAbarrote.cpp">
      <Filter>Source Files\Decorador</Filter>
    </ClCompile>
    <ClCompile Include="DecoradorConserva.cpp">
      <Filter>Source Files\Decorador</Filter>
    </ClCompile>
    <ClCompile Include="DecoradorEmbutido.cpp">
      <Filter>Source Files\Decorador</Filter>
    </ClCompile>
    <ClCompile Include="BaseCarrito.cpp">
      <Filter>Source Files\Decorador</Filter>
    </ClCompile>
    <ClCompile Include="ProductoDecorador.cpp">
      <Filter>Source Files\Decorador</Filter>
    </ClCompile>
    <ClCompile Include="Persona.cpp">
      <Filter>Source Files\Persona</Filter>
    </ClCompile>
    <ClCompile Include="Minisuper.cpp">
      <Filter>Source Files\Controlador</Filter>
    </ClCompile>
    <ClCompile Include="Venta.cpp">
      <Filter>Source Files\Ventas</Filter>
    </ClCompile>
    <ClCompile Include="Controlador.cpp">
      <Filter>Source Files\Controlador</Filter>
    </ClCompile>
    <ClCompile Include="Interfaz.cpp">
      <Filter>Source Files\Controlador</Filter>
    </ClCompile>
    <ClCompile Include="Principal.cpp">
      <Filter>Source Files</Filter>
    </ClCompile>
    <ClCompile Include="ExcepcionRango.cpp">
      <Filter>Source Files\Excepciones</Filter>
    </ClCompile>
    <ClCompile Include="ERS.cpp">
      <Filter>Source Files\Excepciones</Filter>
    </ClCompile>
    <ClCompile Include="ERI.cpp">
      <Filter>Source Files\Excepciones</Filter>
    </ClCompile>
    <ClCompile Include="ExcCedula.cpp">
      <Filter>Source Files\Excepciones</Filter>
    </ClCompile>
  </ItemGroup>
</Project>